{
  "lockfile_version": "1",
  "packages": {
    "hugo@0.135.0": {
      "last_modified": "2024-10-03T23:40:58Z",
      "resolved": "github:NixOS/nixpkgs/73bed75dbd3de6d4fca3f81ce25a0cc7766afff6#hugo",
      "source": "devbox-search",
      "version": "0.135.0",
      "systems": {
        "aarch64-darwin": {
          "outputs": [
            {
              "name": "out",
              "path": "/nix/store/563vhml3g2l9jpq14b21rfvxwnv0rxk9-hugo-0.135.0",
              "default": true
            }
          ],
          "store_path": "/nix/store/563vhml3g2l9jpq14b21rfvxwnv0rxk9-hugo-0.135.0"
        },
        "aarch64-linux": {
          "outputs": [
            {
              "name": "out",
              "path": "/nix/store/0vhqbf7q1y0w4zbg3rdsx7d9x3hh078s-hugo-0.135.0",
              "default": true
            }
          ],
          "store_path": "/nix/store/0vhqbf7q1y0w4zbg3rdsx7d9x3hh078s-hugo-0.135.0"
        },
        "x86_64-darwin": {
          "outputs": [
            {
              "name": "out",
              "path": "/nix/store/56hxfz94dcvdbzapna7szp8akkclndzq-hugo-0.135.0",
              "default": true
            }
          ],
          "store_path": "/nix/store/56hxfz94dcvdbzapna7szp8akkclndzq-hugo-0.135.0"
        },
        "x86_64-linux": {
          "outputs": [
            {
              "name": "out",
              "path": "/nix/store/q8zh20ai6brdq415yq4r0hq9gyrvg9x7-hugo-0.135.0",
              "default": true
            }
          ],
          "store_path": "/nix/store/q8zh20ai6brdq415yq4r0hq9gyrvg9x7-hugo-0.135.0"
        }
      }
    }
  }
}
